
Microsoft Visual Studio Solution File, Format Version 12.00
# Visual Studio Version 17
VisualStudioVersion = 17.5.002.0
MinimumVisualStudioVersion = 10.0.40219.1
Project("{9A19103F-16F7-4668-BE54-9A1E7A4F7556}") = "Formacion.CSharp.ConsoleApp1", "Formacion.CSharp.ConsoleApp1\Formacion.CSharp.ConsoleApp1.csproj", "{2113F4E5-FBF9-4535-99A1-081325535519}"
EndProject
Project("{9A19103F-16F7-4668-BE54-9A1E7A4F7556}") = "Formacion.CSharp.ConsoleApp2", "Formacion.CSharp.ConsoleApp2\Formacion.CSharp.ConsoleApp2.csproj", "{B0788058-3293-4F4D-B3C9-63BF7906200D}"
EndProject
Project("{9A19103F-16F7-4668-BE54-9A1E7A4F7556}") = "Formacion.CSharp.Ejercicios.ConsoleApp1", "Formacion.CSharp.Ejercicios.ConsoleApp1\Formacion.CSharp.Ejercicios.ConsoleApp1.csproj", "{67555C13-10F0-4603-BF78-5E19A4ACC788}"
EndProject
Project("{9A19103F-16F7-4668-BE54-9A1E7A4F7556}") = "Formacion.CSharp.ConsoleApp3", "Formacion.CSharp.ConsoleApp3\Formacion.CSharp.ConsoleApp3.csproj", "{18DC5215-9485-4A1A-82BD-E1E4FA1ACC91}"
EndProject
Project("{9A19103F-16F7-4668-BE54-9A1E7A4F7556}") = "Formacion.CSharp.ConsoleApp4", "Formacion.CSharp.ConsoleApp4\Formacion.CSharp.ConsoleApp4.csproj", "{D43FA233-3260-4180-A1DD-8691F7B6BB99}"
EndProject
Project("{9A19103F-16F7-4668-BE54-9A1E7A4F7556}") = "Formacion.CSharp.ConsoleAppEF", "Formacion.CSharp.ConsoleAppEF\Formacion.CSharp.ConsoleAppEF.csproj", "{2180DE36-A6C3-4BA7-B886-FA2C9BA914C8}"
EndProject
Project("{9A19103F-16F7-4668-BE54-9A1E7A4F7556}") = "Formacion.CSharp.Ejercicios.ConsoleAppEF", "Formacion.CSharp.Ejercicios.ConsoleAppEF\Formacion.CSharp.Ejercicios.ConsoleAppEF.csproj", "{F745B797-9325-4B51-8EF8-06999D2DEE20}"
EndProject
Project("{9A19103F-16F7-4668-BE54-9A1E7A4F7556}") = "Formacion.CSharp.ConsoleAppHTTP", "Formacion.CSharp.ConsoleAppHTTP\Formacion.CSharp.ConsoleAppHTTP.csproj", "{D10DFD89-199C-4637-AC25-31E4B53958A7}"
EndProject
Project("{9A19103F-16F7-4668-BE54-9A1E7A4F7556}") = "Formacion.CSharp.Ejercicios.ConsoleAppHTTP", "Formacion.CSharp.Ejercicios.ConsoleAppHTTP\Formacion.CSharp.Ejercicios.ConsoleAppHTTP.csproj", "{053783B1-483B-47C6-87A2-A877F01D35FD}"
EndProject
Project("{9A19103F-16F7-4668-BE54-9A1E7A4F7556}") = "Formacion.CSharp.WebApi1", "Formacion.CSharp.WebApi1\Formacion.CSharp.WebApi1.csproj", "{B7FA8F50-4F72-40ED-BC75-210805EEDEC9}"
EndProject
Project("{9A19103F-16F7-4668-BE54-9A1E7A4F7556}") = "Formacion.CSharp.Database", "Formacion.CSharp.Database\Formacion.CSharp.Database.csproj", "{D10D619C-37C2-4800-BD1E-A33DBA9380BD}"
EndProject
Project("{FAE04EC0-301F-11D3-BF4B-00C04F79EFBC}") = "Formacion.CSharp.WebApiClient", "Formacion.CSharp.WebApiClient\Formacion.CSharp.WebApiClient.csproj", "{46686829-AB16-46C3-9B69-40C6CF1078C9}"
EndProject
Global
	GlobalSection(SolutionConfigurationPlatforms) = preSolution
		Debug|Any CPU = Debug|Any CPU
		Release|Any CPU = Release|Any CPU
	EndGlobalSection
	GlobalSection(ProjectConfigurationPlatforms) = postSolution
		{2113F4E5-FBF9-4535-99A1-081325535519}.Debug|Any CPU.ActiveCfg = Debug|Any CPU
		{2113F4E5-FBF9-4535-99A1-081325535519}.Debug|Any CPU.Build.0 = Debug|Any CPU
		{2113F4E5-FBF9-4535-99A1-081325535519}.Release|Any CPU.ActiveCfg = Release|Any CPU
		{2113F4E5-FBF9-4535-99A1-081325535519}.Release|Any CPU.Build.0 = Release|Any CPU
		{B0788058-3293-4F4D-B3C9-63BF7906200D}.Debug|Any CPU.ActiveCfg = Debug|Any CPU
		{B0788058-3293-4F4D-B3C9-63BF7906200D}.Debug|Any CPU.Build.0 = Debug|Any CPU
		{B0788058-3293-4F4D-B3C9-63BF7906200D}.Release|Any CPU.ActiveCfg = Release|Any CPU
		{B0788058-3293-4F4D-B3C9-63BF7906200D}.Release|Any CPU.Build.0 = Release|Any CPU
		{67555C13-10F0-4603-BF78-5E19A4ACC788}.Debug|Any CPU.ActiveCfg = Debug|Any CPU
		{67555C13-10F0-4603-BF78-5E19A4ACC788}.Debug|Any CPU.Build.0 = Debug|Any CPU
		{67555C13-10F0-4603-BF78-5E19A4ACC788}.Release|Any CPU.ActiveCfg = Release|Any CPU
		{67555C13-10F0-4603-BF78-5E19A4ACC788}.Release|Any CPU.Build.0 = Release|Any CPU
		{18DC5215-9485-4A1A-82BD-E1E4FA1ACC91}.Debug|Any CPU.ActiveCfg = Debug|Any CPU
		{18DC5215-9485-4A1A-82BD-E1E4FA1ACC91}.Debug|Any CPU.Build.0 = Debug|Any CPU
		{18DC5215-9485-4A1A-82BD-E1E4FA1ACC91}.Release|Any CPU.ActiveCfg = Release|Any CPU
		{18DC5215-9485-4A1A-82BD-E1E4FA1ACC91}.Release|Any CPU.Build.0 = Release|Any CPU
		{D43FA233-3260-4180-A1DD-8691F7B6BB99}.Debug|Any CPU.ActiveCfg = Debug|Any CPU
		{D43FA233-3260-4180-A1DD-8691F7B6BB99}.Debug|Any CPU.Build.0 = Debug|Any CPU
		{D43FA233-3260-4180-A1DD-8691F7B6BB99}.Release|Any CPU.ActiveCfg = Release|Any CPU
		{D43FA233-3260-4180-A1DD-8691F7B6BB99}.Release|Any CPU.Build.0 = Release|Any CPU
		{2180DE36-A6C3-4BA7-B886-FA2C9BA914C8}.Debug|Any CPU.ActiveCfg = Debug|Any CPU
		{2180DE36-A6C3-4BA7-B886-FA2C9BA914C8}.Debug|Any CPU.Build.0 = Debug|Any CPU
		{2180DE36-A6C3-4BA7-B886-FA2C9BA914C8}.Release|Any CPU.ActiveCfg = Release|Any CPU
		{2180DE36-A6C3-4BA7-B886-FA2C9BA914C8}.Release|Any CPU.Build.0 = Release|Any CPU
		{F745B797-9325-4B51-8EF8-06999D2DEE20}.Debug|Any CPU.ActiveCfg = Debug|Any CPU
		{F745B797-9325-4B51-8EF8-06999D2DEE20}.Debug|Any CPU.Build.0 = Debug|Any CPU
		{F745B797-9325-4B51-8EF8-06999D2DEE20}.Release|Any CPU.ActiveCfg = Release|Any CPU
		{F745B797-9325-4B51-8EF8-06999D2DEE20}.Release|Any CPU.Build.0 = Release|Any CPU
		{D10DFD89-199C-4637-AC25-31E4B53958A7}.Debug|Any CPU.ActiveCfg = Debug|Any CPU
		{D10DFD89-199C-4637-AC25-31E4B53958A7}.Debug|Any CPU.Build.0 = Debug|Any CPU
		{D10DFD89-199C-4637-AC25-31E4B53958A7}.Release|Any CPU.ActiveCfg = Release|Any CPU
		{D10DFD89-199C-4637-AC25-31E4B53958A7}.Release|Any CPU.Build.0 = Release|Any CPU
		{053783B1-483B-47C6-87A2-A877F01D35FD}.Debug|Any CPU.ActiveCfg = Debug|Any CPU
		{053783B1-483B-47C6-87A2-A877F01D35FD}.Debug|Any CPU.Build.0 = Debug|Any CPU
		{053783B1-483B-47C6-87A2-A877F01D35FD}.Release|Any CPU.ActiveCfg = Release|Any CPU
		{053783B1-483B-47C6-87A2-A877F01D35FD}.Release|Any CPU.Build.0 = Release|Any CPU
		{B7FA8F50-4F72-40ED-BC75-210805EEDEC9}.Debug|Any CPU.ActiveCfg = Debug|Any CPU
		{B7FA8F50-4F72-40ED-BC75-210805EEDEC9}.Debug|Any CPU.Build.0 = Debug|Any CPU
		{B7FA8F50-4F72-40ED-BC75-210805EEDEC9}.Release|Any CPU.ActiveCfg = Release|Any CPU
		{B7FA8F50-4F72-40ED-BC75-210805EEDEC9}.Release|Any CPU.Build.0 = Release|Any CPU
		{D10D619C-37C2-4800-BD1E-A33DBA9380BD}.Debug|Any CPU.ActiveCfg = Debug|Any CPU
		{D10D619C-37C2-4800-BD1E-A33DBA9380BD}.Debug|Any CPU.Build.0 = Debug|Any CPU
		{D10D619C-37C2-4800-BD1E-A33DBA9380BD}.Release|Any CPU.ActiveCfg = Release|Any CPU
		{D10D619C-37C2-4800-BD1E-A33DBA9380BD}.Release|Any CPU.Build.0 = Release|Any CPU
		{46686829-AB16-46C3-9B69-40C6CF1078C9}.Debug|Any CPU.ActiveCfg = Debug|Any CPU
		{46686829-AB16-46C3-9B69-40C6CF1078C9}.Debug|Any CPU.Build.0 = Debug|Any CPU
		{46686829-AB16-46C3-9B69-40C6CF1078C9}.Release|Any CPU.ActiveCfg = Release|Any CPU
		{46686829-AB16-46C3-9B69-40C6CF1078C9}.Release|Any CPU.Build.0 = Release|Any CPU
	EndGlobalSection
	GlobalSection(SolutionProperties) = preSolution
		HideSolutionNode = FALSE
	EndGlobalSection
	GlobalSection(ExtensibilityGlobals) = postSolution
		SolutionGuid = {E26D0EE3-070F-452E-B156-2709462D62EF}
	EndGlobalSection
EndGlobal
